
Microsoft Visual Studio Solution File, Format Version 12.00
# Visual Studio Version 17
VisualStudioVersion = 17.4.33122.133
MinimumVisualStudioVersion = 10.0.40219.1
Project("{FAE04EC0-301F-11D3-BF4B-00C04F79EFBC}") = "SeaBattleGame", "SeaBattleGame\SeaBattleGame.csproj", "{FA38DCDC-B4E2-4104-9549-3A043C10766C}"
EndProject
Project("{FAE04EC0-301F-11D3-BF4B-00C04F79EFBC}") = "MatrixGridViewControl", "MatrixGridViewControl\MatrixGridViewControl.csproj", "{08257EED-CAA7-4A06-8BC2-47D24DB758D2}"
EndProject
Global
	GlobalSection(SolutionConfigurationPlatforms) = preSolution
		Debug|Any CPU = Debug|Any CPU
		Release|Any CPU = Release|Any CPU
	EndGlobalSection
	GlobalSection(ProjectConfigurationPlatforms) = postSolution
		{FA38DCDC-B4E2-4104-9549-3A043C10766C}.Debug|Any CPU.ActiveCfg = Debug|Any CPU
		{FA38DCDC-B4E2-4104-9549-3A043C10766C}.Debug|Any CPU.Build.0 = Debug|Any CPU
		{FA38DCDC-B4E2-4104-9549-3A043C10766C}.Release|Any CPU.ActiveCfg = Release|Any CPU
		{FA38DCDC-B4E2-4104-9549-3A043C10766C}.Release|Any CPU.Build.0 = Release|Any CPU
		{08257EED-CAA7-4A06-8BC2-47D24DB758D2}.Debug|Any CPU.ActiveCfg = Debug|Any CPU
		{08257EED-CAA7-4A06-8BC2-47D24DB758D2}.Debug|Any CPU.Build.0 = Debug|Any CPU
		{08257EED-CAA7-4A06-8BC2-47D24DB758D2}.Release|Any CPU.ActiveCfg = Release|Any CPU
		{08257EED-CAA7-4A06-8BC2-47D24DB758D2}.Release|Any CPU.Build.0 = Release|Any CPU
	EndGlobalSection
	GlobalSection(SolutionProperties) = preSolution
		HideSolutionNode = FALSE
	EndGlobalSection
	GlobalSection(ExtensibilityGlobals) = postSolution
		SolutionGuid = {EB164BA7-842B-4664-82BC-BD95BDE059BF}
	EndGlobalSection
EndGlobal
